
Microsoft Visual Studio Solution File, Format Version 12.00
# Visual Studio 15
VisualStudioVersion = 15.0.28307.1145
MinimumVisualStudioVersion = 10.0.40219.1
Project("{FAE04EC0-301F-11D3-BF4B-00C04F79EFBC}") = "Passagens", "Passagens\Passagens.csproj", "{729B937F-F68E-44E1-914C-51F4DBC3F05C}"
EndProject
Global
	GlobalSection(SolutionConfigurationPlatforms) = preSolution
		Debug|Any CPU = Debug|Any CPU
		Release|Any CPU = Release|Any CPU
	EndGlobalSection
	GlobalSection(ProjectConfigurationPlatforms) = postSolution
		{729B937F-F68E-44E1-914C-51F4DBC3F05C}.Debug|Any CPU.ActiveCfg = Debug|Any CPU
		{729B937F-F68E-44E1-914C-51F4DBC3F05C}.Debug|Any CPU.Build.0 = Debug|Any CPU
		{729B937F-F68E-44E1-914C-51F4DBC3F05C}.Release|Any CPU.ActiveCfg = Release|Any CPU
		{729B937F-F68E-44E1-914C-51F4DBC3F05C}.Release|Any CPU.Build.0 = Release|Any CPU
	EndGlobalSection
	GlobalSection(SolutionProperties) = preSolution
		HideSolutionNode = FALSE
	EndGlobalSection
	GlobalSection(ExtensibilityGlobals) = postSolution
		SolutionGuid = {0D8384E9-4B20-484E-AE9D-6C201A926F9B}
	EndGlobalSection
EndGlobal
